# This file was autogenerated by uv via the following command:
#    uv pip compile C:\Users\jly23\Desktop\OpenManus-main\requirements.txt --python D:\an\envs\open_manus\python.exe --output-file C:\Users\jly23\Desktop\OpenManus-main\requirements-runtime.lock
aiofiles==24.1.0
    # via
    #   -r requirements.txt
    #   crawl4ai
aiohappyeyeballs==2.7.1
    # via aiohttp
aiohttp==3.14.3
    # via
    #   crawl4ai
    #   datasets
    #   fsspec
    #   litellm
    #   text-generation
aiolimiter==1.2.1
    # via
    #   libvisualwebarena
    #   libwebarena
aiosignal==1.4.0
    # via aiohttp
aiosqlite==0.22.1
    # via crawl4ai
annotated-types==0.8.0
    # via pydantic
anthropic==0.120.0
    # via langchain-anthropic
anyio==4.14.2
    # via
    #   anthropic
    #   httpx
    #   langsmith
    #   mcp
    #   openai
    #   sse-starlette
    #   starlette
attrs==26.1.0
    # via
    #   aiohttp
    #   jsonschema
    #   referencing
backoff==2.2.1
    # via posthog
baidusearch==1.0.3
    # via -r requirements.txt
beartype==0.12.0
    # via
    #   libvisualwebarena
    #   libwebarena
beautifulsoup4==4.13.5
    # via
    #   -r requirements.txt
    #   baidusearch
    #   browsergym-core
    #   crawl4ai
    #   googlesearch-python
    #   markdownify
blinker==1.9.0
    # via flask
boto3==1.37.38
    # via -r requirements.txt
botocore==1.37.38
    # via
    #   boto3
    #   s3transfer
brotli==1.2.0
    # via crawl4ai
browser-use==0.1.40
    # via -r requirements.txt
browsergym==0.13.3
    # via -r requirements.txt
browsergym-assistantbench==0.13.3
    # via browsergym
browsergym-core==0.13.3
    # via
    #   browsergym
    #   browsergym-assistantbench
    #   browsergym-experiments
    #   browsergym-miniwob
    #   browsergym-visualwebarena
    #   browsergym-webarena
    #   browsergym-workarena
    #   weblinx-browsergym
browsergym-experiments==0.13.3
    # via browsergym
browsergym-miniwob==0.13.3
    # via browsergym
browsergym-visualwebarena==0.13.3
    # via browsergym
browsergym-webarena==0.13.3
    # via
    #   browsergym
    #   browsergym-visualwebarena
browsergym-workarena==0.5.3
    # via browsergym
certifi==2026.7.22
    # via
    #   httpcore
    #   httpx
    #   requests
cffi==2.1.0
    # via cryptography
chardet==7.4.3
    # via
    #   crawl4ai
    #   reportlab
charset-normalizer==3.4.9
    # via
    #   pdfminer-six
    #   requests
click==8.4.2
    # via
    #   crawl4ai
    #   duckduckgo-search
    #   flask
    #   litellm
    #   nltk
    #   uvicorn
cloudpickle==3.1.2
    # via gymnasium
colorama==0.4.6
    # via
    #   -r requirements.txt
    #   click
    #   crawl4ai
    #   loguru
    #   pytest
    #   sacrebleu
    #   tqdm
comtypes==1.4.16
    # via pywinauto
crawl4ai==0.6.3
    # via -r requirements.txt
cryptography==49.0.0
    # via
    #   pdfminer-six
    #   pyopenssl
cssselect==1.4.0
    # via crawl4ai
dataclasses-json==0.6.7
    # via browsergym-experiments
datasets==3.4.1
    # via
    #   -r requirements.txt
    #   browsergym-assistantbench
    #   evaluate
    #   weblinx-browsergym
defusedxml==0.7.1
    # via
    #   langchain-anthropic
    #   nltk
dill==0.3.8
    # via
    #   datasets
    #   evaluate
    #   multiprocess
distro==1.9.0
    # via
    #   anthropic
    #   langsmith
    #   openai
    #   posthog
docstring-parser==0.18.0
    # via anthropic
duckduckgo-search==7.5.5
    # via -r requirements.txt
english-words==2.0.2
    # via browsergym-workarena
evaluate==0.4.6
    # via
    #   libvisualwebarena
    #   libwebarena
ezdxf==1.4.4
    # via -r requirements.txt
fake-http-header==0.3.5
    # via tf-playwright-stealth
fake-useragent==2.2.0
    # via crawl4ai
faker==40.36.0
    # via browsergym-workarena
farama-notifications==0.0.6
    # via gymnasium
fastapi==0.115.14
    # via -r requirements.txt
filelock==3.32.0
    # via
    #   datasets
    #   huggingface-hub
    #   torch
    #   transformers
flask==3.1.3
    # via
    #   libvisualwebarena
    #   libwebarena
fonttools==4.63.0
    # via ezdxf
frozenlist==1.8.0
    # via
    #   aiohttp
    #   aiosignal
fsspec==2024.12.0
    # via
    #   datasets
    #   evaluate
    #   huggingface-hub
    #   torch
googlesearch-python==1.3.0
    # via -r requirements.txt
greenlet==3.5.4
    # via playwright
gymnasium==1.1.1
    # via
    #   -r requirements.txt
    #   browsergym-core
    #   libvisualwebarena
    #   libwebarena
    #   weblinx-browsergym
h11==0.16.0
    # via
    #   httpcore
    #   uvicorn
html2text==2024.2.26
    # via -r requirements.txt
httpcore==1.0.9
    # via httpx
httpx==0.28.1
    # via
    #   -r requirements.txt
    #   anthropic
    #   browser-use
    #   crawl4ai
    #   langsmith
    #   litellm
    #   mcp
    #   ollama
    #   openai
httpx-sse==0.4.3
    # via mcp
huggingface-hub==0.29.3
    # via
    #   -r requirements.txt
    #   browsergym-workarena
    #   datasets
    #   evaluate
    #   text-generation
    #   tokenizers
    #   transformers
    #   weblinx-browsergym
humanize==4.16.0
    # via crawl4ai
idna==3.18
    # via
    #   anyio
    #   httpx
    #   requests
    #   yarl
imageio==2.37.4
    # via scikit-image
importlib-metadata==9.0.0
    # via litellm
iniconfig==2.3.0
    # via pytest
itsdangerous==2.2.0
    # via flask
jinja2==3.1.6
    # via
    #   flask
    #   litellm
    #   torch
jiter==0.16.0
    # via
    #   anthropic
    #   openai
jmespath==1.1.0
    # via
    #   boto3
    #   botocore
joblib==1.5.3
    # via nltk
jsonpatch==1.33
    # via langchain-core
jsonpointer==3.1.1
    # via jsonpatch
jsonschema==4.26.0
    # via litellm
jsonschema-specifications==2025.9.1
    # via jsonschema
langchain-anthropic==0.3.3
    # via browser-use
langchain-core==0.3.86
    # via
    #   browser-use
    #   langchain-anthropic
    #   langchain-ollama
    #   langchain-openai
langchain-ollama==0.2.2
    # via browser-use
langchain-openai==0.3.1
    # via browser-use
langsmith==0.10.10
    # via langchain-core
lazy-loader==0.5
    # via scikit-image
libvisualwebarena==0.0.15
    # via browsergym-visualwebarena
libwebarena==0.0.4
    # via browsergym-webarena
litellm==1.65.0.post1
    # via crawl4ai
loguru==0.7.3
    # via -r requirements.txt
lxml==5.4.0
    # via
    #   baidusearch
    #   browsergym-core
    #   crawl4ai
    #   duckduckgo-search
    #   sacrebleu
    #   weblinx-browsergym
markdown-it-py==4.2.0
    # via rich
markdownify==0.14.1
    # via browser-use
markupsafe==3.0.3
    # via
    #   flask
    #   jinja2
    #   werkzeug
marshmallow==3.26.2
    # via dataclasses-json
mcp==1.5.0
    # via -r requirements.txt
mdurl==0.1.2
    # via markdown-it-py
mouseinfo==0.1.3
    # via pyautogui
mpmath==1.3.0
    # via sympy
multidict==6.7.1
    # via
    #   aiohttp
    #   yarl
multiprocess==0.70.16
    # via
    #   datasets
    #   evaluate
mypy-extensions==1.1.0
    # via typing-inspect
networkx==3.6.1
    # via
    #   scikit-image
    #   torch
nltk==3.10.0
    # via
    #   crawl4ai
    #   libvisualwebarena
    #   libwebarena
numpy==2.5.1
    # via
    #   -r requirements.txt
    #   browsergym-assistantbench
    #   browsergym-core
    #   browsergym-workarena
    #   crawl4ai
    #   datasets
    #   evaluate
    #   ezdxf
    #   gymnasium
    #   imageio
    #   pandas
    #   rank-bm25
    #   sacrebleu
    #   scikit-image
    #   scipy
    #   tifffile
    #   transformers
    #   weblinx
    #   weblinx-browsergym
olefile==0.47
    # via -r requirements.txt
ollama==0.6.2
    # via langchain-ollama
openai==1.66.5
    # via
    #   -r requirements.txt
    #   langchain-openai
    #   libvisualwebarena
    #   libwebarena
    #   litellm
orjson==3.11.9
    # via langsmith
packaging==25.0
    # via
    #   datasets
    #   evaluate
    #   huggingface-hub
    #   langchain-core
    #   langsmith
    #   lazy-loader
    #   marshmallow
    #   pytest
    #   scikit-image
    #   transformers
pandas==3.0.5
    # via
    #   datasets
    #   evaluate
    #   weblinx
pdfminer-six==20251230
    # via pdfplumber
pdfplumber==0.11.9
    # via -r requirements.txt
pillow==10.4.0
    # via
    #   -r requirements.txt
    #   browsergym-core
    #   crawl4ai
    #   imageio
    #   libvisualwebarena
    #   libwebarena
    #   pdfplumber
    #   reportlab
    #   scikit-image
    #   weblinx-browsergym
playwright==1.51.0
    # via
    #   -r requirements.txt
    #   browser-use
    #   browsergym-core
    #   crawl4ai
    #   libvisualwebarena
    #   libwebarena
    #   tf-playwright-stealth
    #   weblinx-browsergym
pluggy==1.6.0
    # via pytest
portalocker==3.2.0
    # via sacrebleu
posthog==7.29.0
    # via browser-use
primp==1.3.1
    # via duckduckgo-search
propcache==0.5.2
    # via
    #   aiohttp
    #   yarl
psutil==7.2.2
    # via crawl4ai
pyarrow==25.0.0
    # via datasets
pyautogui==0.9.54
    # via -r requirements.txt
pycparser==3.0
    # via cffi
pydantic==2.10.6
    # via
    #   -r requirements.txt
    #   anthropic
    #   browser-use
    #   crawl4ai
    #   fastapi
    #   langchain-anthropic
    #   langchain-core
    #   langsmith
    #   litellm
    #   mcp
    #   ollama
    #   openai
    #   pydantic-settings
    #   text-generation
pydantic-core==2.27.2
    # via
    #   -r requirements.txt
    #   pydantic
pydantic-settings==2.14.2
    # via mcp
pyee==12.1.1
    # via playwright
pygetwindow==0.0.9
    # via pyautogui
pygments==2.20.0
    # via rich
pymsgbox==2.0.1
    # via pyautogui
pymysql==1.1.3
    # via -r requirements.txt
pyopenssl==26.3.0
    # via crawl4ai
pyparsing==3.3.2
    # via
    #   browsergym-core
    #   ezdxf
pypdf==5.3.1
    # via -r requirements.txt
pypdfium2==5.12.1
    # via pdfplumber
pyperclip==1.11.0
    # via
    #   crawl4ai
    #   mouseinfo
pyrect==0.2.0
    # via pygetwindow
pyscreeze==1.0.1
    # via pyautogui
pytest==8.3.5
    # via
    #   -r requirements.txt
    #   pytest-asyncio
pytest-asyncio==0.25.3
    # via -r requirements.txt
python-dateutil==2.9.0.post0
    # via
    #   botocore
    #   pandas
python-dotenv==1.2.2
    # via
    #   browser-use
    #   crawl4ai
    #   litellm
    #   pydantic-settings
pytweening==1.2.0
    # via pyautogui
pywin32==312
    # via
    #   portalocker
    #   pywinauto
pywinauto==0.6.9
    # via -r requirements.txt
pyyaml==6.0.3
    # via
    #   -r requirements.txt
    #   datasets
    #   huggingface-hub
    #   langchain-core
    #   transformers
rank-bm25==0.2.2
    # via crawl4ai
referencing==0.37.0
    # via
    #   jsonschema
    #   jsonschema-specifications
regex==2026.7.19
    # via
    #   nltk
    #   sacrebleu
    #   tiktoken
    #   transformers
reportlab==4.2.5
    # via -r requirements.txt
requests==2.32.5
    # via
    #   -r requirements.txt
    #   baidusearch
    #   browser-use
    #   browsergym-visualwebarena
    #   browsergym-workarena
    #   crawl4ai
    #   datasets
    #   evaluate
    #   googlesearch-python
    #   huggingface-hub
    #   langsmith
    #   posthog
    #   requests-toolbelt
    #   tiktoken
    #   transformers
requests-toolbelt==1.0.0
    # via langsmith
rich==15.0.0
    # via crawl4ai
rpds-py==2026.6.3
    # via
    #   jsonschema
    #   referencing
s3transfer==0.11.5
    # via boto3
sacrebleu==2.6.0
    # via weblinx
safetensors==0.8.0
    # via transformers
scikit-image==0.26.0
    # via libvisualwebarena
scipy==1.18.0
    # via
    #   browsergym-assistantbench
    #   scikit-image
setuptools==75.8.2
    # via
    #   -r requirements.txt
    #   browser-use
    #   torch
six==1.17.0
    # via
    #   markdownify
    #   python-dateutil
    #   pywinauto
sniffio==1.3.1
    # via
    #   anthropic
    #   langsmith
    #   openai
snowballstemmer==2.2.0
    # via crawl4ai
soupsieve==2.9.1
    # via beautifulsoup4
sse-starlette==3.0.3
    # via mcp
starlette==0.46.2
    # via
    #   fastapi
    #   mcp
structlog==25.2.0
    # via -r requirements.txt
sympy==1.14.0
    # via torch
tabulate==0.10.0
    # via sacrebleu
tenacity==9.0.0
    # via
    #   -r requirements.txt
    #   browsergym-workarena
    #   langchain-core
text-generation==0.7.0
    # via
    #   libvisualwebarena
    #   libwebarena
tf-playwright-stealth==1.2.0
    # via crawl4ai
tifffile==2026.7.14
    # via scikit-image
tiktoken==0.9.0
    # via
    #   -r requirements.txt
    #   browsergym-experiments
    #   langchain-openai
    #   libvisualwebarena
    #   libwebarena
    #   litellm
tokenizers==0.21.4
    # via
    #   litellm
    #   transformers
tomli==2.4.1
    # via -r requirements.txt
torch==2.12.1
    # via browsergym-visualwebarena
tqdm==4.69.1
    # via
    #   browsergym-workarena
    #   datasets
    #   evaluate
    #   huggingface-hub
    #   nltk
    #   openai
    #   transformers
    #   weblinx
    #   weblinx-browsergym
transformers==4.50.3
    # via
    #   libvisualwebarena
    #   libwebarena
types-requests==2.33.0.20260712
    # via types-tqdm
types-tqdm==4.69.0.20260724
    # via
    #   libvisualwebarena
    #   libwebarena
typing-extensions==4.16.0
    # via
    #   aiohttp
    #   aiosignal
    #   anthropic
    #   anyio
    #   beautifulsoup4
    #   ezdxf
    #   fastapi
    #   gymnasium
    #   huggingface-hub
    #   langchain-core
    #   langsmith
    #   openai
    #   posthog
    #   pydantic
    #   pydantic-core
    #   pyee
    #   pyopenssl
    #   referencing
    #   torch
    #   typing-inspect
    #   typing-inspection
typing-inspect==0.9.0
    # via dataclasses-json
typing-inspection==0.4.2
    # via pydantic-settings
tzdata==2026.3
    # via
    #   faker
    #   pandas
unidiff==0.7.5
    # via -r requirements.txt
urllib3==2.7.0
    # via
    #   botocore
    #   requests
    #   types-requests
uuid-utils==0.17.0
    # via
    #   langchain-core
    #   langsmith
uvicorn==0.34.3
    # via
    #   -r requirements.txt
    #   mcp
weblinx==0.3.2
    # via weblinx-browsergym
weblinx-browsergym==0.0.3
    # via browsergym
websockets==16.1.1
    # via langsmith
werkzeug==3.1.8
    # via flask
win32-setctime==1.2.0
    # via loguru
xxhash==3.8.1
    # via
    #   crawl4ai
    #   datasets
    #   evaluate
    #   langsmith
yarl==1.24.5
    # via aiohttp
zipp==4.1.0
    # via importlib-metadata
zstandard==0.25.0
    # via langsmith
