
Microsoft Visual Studio Solution File, Format Version 12.00
# Visual Studio Version 17
VisualStudioVersion = 17.14.37216.2
MinimumVisualStudioVersion = 10.0.40219.1
Project("{FAE04EC0-301F-11D3-BF4B-00C04F79EFBC}") = "AiConstruction", "AiConstruction.csproj", "{E49F02C1-3C70-446F-906A-B32DBCB2CB36}"
EndProject
Project("{FAE04EC0-301F-11D3-BF4B-00C04F79EFBC}") = "AIContstructUpdate", "..\AIContstructUpdate\AIContstructUpdate.csproj", "{0C9E1CB7-2F5D-4B69-BAA8-933498000380}"
EndProject
Global
	GlobalSection(SolutionConfigurationPlatforms) = preSolution
		Debug|Any CPU = Debug|Any CPU
		Release|Any CPU = Release|Any CPU
	EndGlobalSection
	GlobalSection(ProjectConfigurationPlatforms) = postSolution
		{E49F02C1-3C70-446F-906A-B32DBCB2CB36}.Debug|Any CPU.ActiveCfg = Debug|Any CPU
		{E49F02C1-3C70-446F-906A-B32DBCB2CB36}.Debug|Any CPU.Build.0 = Debug|Any CPU
		{E49F02C1-3C70-446F-906A-B32DBCB2CB36}.Release|Any CPU.ActiveCfg = Release|Any CPU
		{E49F02C1-3C70-446F-906A-B32DBCB2CB36}.Release|Any CPU.Build.0 = Release|Any CPU
		{0C9E1CB7-2F5D-4B69-BAA8-933498000380}.Debug|Any CPU.ActiveCfg = Debug|Any CPU
		{0C9E1CB7-2F5D-4B69-BAA8-933498000380}.Debug|Any CPU.Build.0 = Debug|Any CPU
		{0C9E1CB7-2F5D-4B69-BAA8-933498000380}.Release|Any CPU.ActiveCfg = Release|Any CPU
		{0C9E1CB7-2F5D-4B69-BAA8-933498000380}.Release|Any CPU.Build.0 = Release|Any CPU
	EndGlobalSection
	GlobalSection(SolutionProperties) = preSolution
		HideSolutionNode = FALSE
	EndGlobalSection
	GlobalSection(ExtensibilityGlobals) = postSolution
		SolutionGuid = {79B67B9D-9BCB-4437-AF32-087E5FA9B66B}
	EndGlobalSection
EndGlobal
